
Microsoft Visual Studio Solution File, Format Version 12.00
# Visual Studio Version 16
VisualStudioVersion = 16.0.30907.101
MinimumVisualStudioVersion = 10.0.40219.1
Project("{FAE04EC0-301F-11D3-BF4B-00C04F79EFBC}") = "ConsoleHelper", "ConsoleHelper\ConsoleHelper.csproj", "{C7553583-4273-4D81-B486-824365075E54}"
EndProject
Global
	GlobalSection(SolutionConfigurationPlatforms) = preSolution
		Debug|Any CPU = Debug|Any CPU
		Release|Any CPU = Release|Any CPU
	EndGlobalSection
	GlobalSection(ProjectConfigurationPlatforms) = postSolution
		{C7553583-4273-4D81-B486-824365075E54}.Debug|Any CPU.ActiveCfg = Debug|Any CPU
		{C7553583-4273-4D81-B486-824365075E54}.Debug|Any CPU.Build.0 = Debug|Any CPU
		{C7553583-4273-4D81-B486-824365075E54}.Release|Any CPU.ActiveCfg = Release|Any CPU
		{C7553583-4273-4D81-B486-824365075E54}.Release|Any CPU.Build.0 = Release|Any CPU
	EndGlobalSection
	GlobalSection(SolutionProperties) = preSolution
		HideSolutionNode = FALSE
	EndGlobalSection
	GlobalSection(ExtensibilityGlobals) = postSolution
		SolutionGuid = {E7C219D2-88A6-497E-B649-5519623027DB}
	EndGlobalSection
EndGlobal
